
Microsoft Visual Studio Solution File, Format Version 12.00
# Visual Studio Version 17
VisualStudioVersion = 17.8.34309.116
MinimumVisualStudioVersion = 10.0.40219.1
Project("{FAE04EC0-301F-11D3-BF4B-00C04F79EFBC}") = "Blog_Project", "Blog_Project\Blog_Project.csproj", "{3DA55359-328F-407A-9115-345B8A608618}"
EndProject
Global
	GlobalSection(SolutionConfigurationPlatforms) = preSolution
		Debug|Any CPU = Debug|Any CPU
		Release|Any CPU = Release|Any CPU
	EndGlobalSection
	GlobalSection(ProjectConfigurationPlatforms) = postSolution
		{3DA55359-328F-407A-9115-345B8A608618}.Debug|Any CPU.ActiveCfg = Debug|Any CPU
		{3DA55359-328F-407A-9115-345B8A608618}.Debug|Any CPU.Build.0 = Debug|Any CPU
		{3DA55359-328F-407A-9115-345B8A608618}.Release|Any CPU.ActiveCfg = Release|Any CPU
		{3DA55359-328F-407A-9115-345B8A608618}.Release|Any CPU.Build.0 = Release|Any CPU
	EndGlobalSection
	GlobalSection(SolutionProperties) = preSolution
		HideSolutionNode = FALSE
	EndGlobalSection
	GlobalSection(ExtensibilityGlobals) = postSolution
		SolutionGuid = {03586777-C93F-4C6B-9151-02FE86051FBB}
	EndGlobalSection
EndGlobal
